// !$*UTF8*$!
{
	archiveVersion = 1;
	classes = {
	};
	objectVersion = 77;
	objects = {

/* Begin PBXContainerItemProxy section */
		B21C090E2DEC7D3700320C25 /* PBXContainerItemProxy */ = {
			isa = PBXContainerItemProxy;
			containerPortal = B21C08F42DEC7D3600320C25 /* Project object */;
			proxyType = 1;
			remoteGlobalIDString = B21C08FB2DEC7D3600320C25;
			remoteInfo = "hiyo-notes";
		};
		B21C09182DEC7D3700320C25 /* PBXContainerItemProxy */ = {
			isa = PBXContainerItemProxy;
			containerPortal = B21C08F42DEC7D3600320C25 /* Project object */;
			proxyType = 1;
			remoteGlobalIDString = B21C08FB2DEC7D3600320C25;
			remoteInfo = "hiyo-notes";
		};
/* End PBXContainerItemProxy section */

/* Begin PBXFileReference section */
		B21C08FC2DEC7D3600320C25 /* hiyo-notes.app */ = {isa = PBXFileReference; explicitFileType = wrapper.application; includeInIndex = 0; path = "hiyo-notes.app"; sourceTree = BUILT_PRODUCTS_DIR; };
		B21C090D2DEC7D3700320C25 /* hiyo-notesTests.xctest */ = {isa = PBXFileReference; explicitFileType = wrapper.cfbundle; includeInIndex = 0; path = "hiyo-notesTests.xctest"; sourceTree = BUILT_PRODUCTS_DIR; };
		B21C09172DEC7D3700320C25 /* hiyo-notesUITests.xctest */ = {isa = PBXFileReference; explicitFileType = wrapper.cfbundle; includeInIndex = 0; path = "hiyo-notesUITests.xctest"; sourceTree = BUILT_PRODUCTS_DIR; };
/* End PBXFileReference section */

/* Begin PBXFileSystemSynchronizedRootGroup section */
		B21C08FE2DEC7D3600320C25 /* hiyo-notes */ = {
			isa = PBXFileSystemSynchronizedRootGroup;
			path = "hiyo-notes";
			sourceTree = "<group>";
		};
		B21C09102DEC7D3700320C25 /* hiyo-notesTests */ = {
			isa = PBXFileSystemSynchronizedRootGroup;
			path = "hiyo-notesTests";
			sourceTree = "<group>";
		};
		B21C091A2DEC7D3700320C25 /* hiyo-notesUITests */ = {
			isa = PBXFileSystemSynchronizedRootGroup;
			path = "hiyo-notesUITests";
			sourceTree = "<group>";
		};
/* End PBXFileSystemSynchronizedRootGroup section */

/* Begin PBXFrameworksBuildPhase section */
		B21C08F92DEC7D3600320C25 /* Frameworks */ = {
			isa = PBXFrameworksBuildPhase;
			buildActionMask = 2147483647;
			files = (
			);
			runOnlyForDeploymentPostprocessing = 0;
		};
		B21C090A2DEC7D3700320C25 /* Frameworks */ = {
			isa = PBXFrameworksBuildPhase;
			buildActionMask = 2147483647;
			files = (
			);
			runOnlyForDeploymentPostprocessing = 0;
		};
		B21C09142DEC7D3700320C25 /* Frameworks */ = {
			isa = PBXFrameworksBuildPhase;
			buildActionMask = 2147483647;
			files = (
			);
			runOnlyForDeploymentPostprocessing = 0;
		};
/* End PBXFrameworksBuildPhase section */

/* Begin PBXGroup section */
		B21C08F32DEC7D3600320C25 = {
			isa = PBXGroup;
			children = (
				B21C08FE2DEC7D3600320C25 /* hiyo-notes */,
				B21C09102DEC7D3700320C25 /* hiyo-notesTests */,
				B21C091A2DEC7D3700320C25 /* hiyo-notesUITests */,
				B21C08FD2DEC7D3600320C25 /* Products */,
			);
			sourceTree = "<group>";
		};
		B21C08FD2DEC7D3600320C25 /* Products */ = {
			isa = PBXGroup;
			children = (
				B21C08FC2DEC7D3600320C25 /* hiyo-notes.app */,
				B21C090D2DEC7D3700320C25 /* hiyo-notesTests.xctest */,
				B21C09172DEC7D3700320C25 /* hiyo-notesUITests.xctest */,
			);
			name = Products;
			sourceTree = "<group>";
		};
/* End PBXGroup section */

/* Begin PBXNativeTarget section */
		B21C08FB2DEC7D3600320C25 /* hiyo-notes */ = {
			isa = PBXNativeTarget;
			buildConfigurationList = B21C09212DEC7D3700320C25 /* Build configuration list for PBXNativeTarget "hiyo-notes" */;
			buildPhases = (
				B21C08F82DEC7D3600320C25 /* Sources */,
				B21C08F92DEC7D3600320C25 /* Frameworks */,
				B21C08FA2DEC7D3600320C25 /* Resources */,
			);
			buildRules = (
			);
			dependencies = (
			);
			fileSystemSynchronizedGroups = (
				B21C08FE2DEC7D3600320C25 /* hiyo-notes */,
			);
			name = "hiyo-notes";
			packageProductDependencies = (
			);
			productName = "hiyo-notes";
			productReference = B21C08FC2DEC7D3600320C25 /* hiyo-notes.app */;
			productType = "com.apple.product-type.application";
		};
		B21C090C2DEC7D3700320C25 /* hiyo-notesTests */ = {
			isa = PBXNativeTarget;
			buildConfigurationList = B21C09242DEC7D3700320C25 /* Build configuration list for PBXNativeTarget "hiyo-notesTests" */;
			buildPhases = (
				B21C09092DEC7D3700320C25 /* Sources */,
				B21C090A2DEC7D3700320C25 /* Frameworks */,
				B21C090B2DEC7D3700320C25 /* Resources */,
			);
			buildRules = (
			);
			dependencies = (
				B21C090F2DEC7D3700320C25 /* PBXTargetDependency */,
			);
			fileSystemSynchronizedGroups = (
				B21C09102DEC7D3700320C25 /* hiyo-notesTests */,
			);
			name = "hiyo-notesTests";
			packageProductDependencies = (
			);
			productName = "hiyo-notesTests";
			productReference = B21C090D2DEC7D3700320C25 /* hiyo-notesTests.xctest */;
			productType = "com.apple.product-type.bundle.unit-test";
		};
		B21C09162DEC7D3700320C25 /* hiyo-notesUITests */ = {
			isa = PBXNativeTarget;
			buildConfigurationList = B21C09272DEC7D3700320C25 /* Build configuration list for PBXNativeTarget "hiyo-notesUITests" */;
			buildPhases = (
				B21C09132DEC7D3700320C25 /* Sources */,
				B21C09142DEC7D3700320C25 /* Frameworks */,
				B21C09152DEC7D3700320C25 /* Resources */,
			);
			buildRules = (
			);
			dependencies = (
				B21C09192DEC7D3700320C25 /* PBXTargetDependency */,
			);
			fileSystemSynchronizedGroups = (
				B21C091A2DEC7D3700320C25 /* hiyo-notesUITests */,
			);
			name = "hiyo-notesUITests";
			packageProductDependencies = (
			);
			productName = "hiyo-notesUITests";
			productReference = B21C09172DEC7D3700320C25 /* hiyo-notesUITests.xctest */;
			productType = "com.apple.product-type.bundle.ui-testing";
		};
/* End PBXNativeTarget section */

/* Begin PBXProject section */
		B21C08F42DEC7D3600320C25 /* Project object */ = {
			isa = PBXProject;
			attributes = {
				BuildIndependentTargetsInParallel = 1;
				LastSwiftUpdateCheck = 1620;
				LastUpgradeCheck = 1620;
				TargetAttributes = {
					B21C08FB2DEC7D3600320C25 = {
						CreatedOnToolsVersion = 16.2;
					};
					B21C090C2DEC7D3700320C25 = {
						CreatedOnToolsVersion = 16.2;
						TestTargetID = B21C08FB2DEC7D3600320C25;
					};
					B21C09162DEC7D3700320C25 = {
						CreatedOnToolsVersion = 16.2;
						TestTargetID = B21C08FB2DEC7D3600320C25;
					};
				};
			};
			buildConfigurationList = B21C08F72DEC7D3600320C25 /* Build configuration list for PBXProject "hiyo-notes" */;
			developmentRegion = en;
			hasScannedForEncodings = 0;
			knownRegions = (
				en,
				Base,
			);
			mainGroup = B21C08F32DEC7D3600320C25;
			minimizedProjectReferenceProxies = 1;
			preferredProjectObjectVersion = 77;
			productRefGroup = B21C08FD2DEC7D3600320C25 /* Products */;
			projectDirPath = "";
			projectRoot = "";
			targets = (
				B21C08FB2DEC7D3600320C25 /* hiyo-notes */,
				B21C090C2DEC7D3700320C25 /* hiyo-notesTests */,
				B21C09162DEC7D3700320C25 /* hiyo-notesUITests */,
			);
		};
/* End PBXProject section */

/* Begin PBXResourcesBuildPhase section */
		B21C08FA2DEC7D3600320C25 /* Resources */ = {
			isa = PBXResourcesBuildPhase;
			buildActionMask = 2147483647;
			files = (
			);
			runOnlyForDeploymentPostprocessing = 0;
		};
		B21C090B2DEC7D3700320C25 /* Resources */ = {
			isa = PBXResourcesBuildPhase;
			buildActionMask = 2147483647;
			files = (
			);
			runOnlyForDeploymentPostprocessing = 0;
		};
		B21C09152DEC7D3700320C25 /* Resources */ = {
			isa = PBXResourcesBuildPhase;
			buildActionMask = 2147483647;
			files = (
			);
			runOnlyForDeploymentPostprocessing = 0;
		};
/* End PBXResourcesBuildPhase section */

/* Begin PBXSourcesBuildPhase section */
		B21C08F82DEC7D3600320C25 /* Sources */ = {
			isa = PBXSourcesBuildPhase;
			buildActionMask = 2147483647;
			files = (
			);
			runOnlyForDeploymentPostprocessing = 0;
		};
		B21C09092DEC7D3700320C25 /* Sources */ = {
			isa = PBXSourcesBuildPhase;
			buildActionMask = 2147483647;
			files = (
			);
			runOnlyForDeploymentPostprocessing = 0;
		};
		B21C09132DEC7D3700320C25 /* Sources */ = {
			isa = PBXSourcesBuildPhase;
			buildActionMask = 2147483647;
			files = (
			);
			runOnlyForDeploymentPostprocessing = 0;
		};
/* End PBXSourcesBuildPhase section */

/* Begin PBXTargetDependency section */
		B21C090F2DEC7D3700320C25 /* PBXTargetDependency */ = {
			isa = PBXTargetDependency;
			target = B21C08FB2DEC7D3600320C25 /* hiyo-notes */;
			targetProxy = B21C090E2DEC7D3700320C25 /* PBXContainerItemProxy */;
		};
		B21C09192DEC7D3700320C25 /* PBXTargetDependency */ = {
			isa = PBXTargetDependency;
			target = B21C08FB2DEC7D3600320C25 /* hiyo-notes */;
			targetProxy = B21C09182DEC7D3700320C25 /* PBXContainerItemProxy */;
		};
/* End PBXTargetDependency section */

/* Begin XCBuildConfiguration section */
		B21C091F2DEC7D3700320C25 /* Debug */ = {
			isa = XCBuildConfiguration;
			buildSettings = {
				ALWAYS_SEARCH_USER_PATHS = NO;
				ASSETCATALOG_COMPILER_GENERATE_SWIFT_ASSET_SYMBOL_EXTENSIONS = YES;
				CLANG_ANALYZER_NONNULL = YES;
				CLANG_ANALYZER_NUMBER_OBJECT_CONVERSION = YES_AGGRESSIVE;
				CLANG_CXX_LANGUAGE_STANDARD = "gnu++20";
				CLANG_ENABLE_MODULES = YES;
				CLANG_ENABLE_OBJC_ARC = YES;
				CLANG_ENABLE_OBJC_WEAK = YES;
				CLANG_WARN_BLOCK_CAPTURE_AUTORELEASING = YES;
				CLANG_WARN_BOOL_CONVERSION = YES;
				CLANG_WARN_COMMA = YES;
				CLANG_WARN_CONSTANT_CONVERSION = YES;
				CLANG_WARN_DEPRECATED_OBJC_IMPLEMENTATIONS = YES;
				CLANG_WARN_DIRECT_OBJC_ISA_USAGE = YES_ERROR;
				CLANG_WARN_DOCUMENTATION_COMMENTS = YES;
				CLANG_WARN_EMPTY_BODY = YES;
				CLANG_WARN_ENUM_CONVERSION = YES;
				CLANG_WARN_INFINITE_RECURSION = YES;
				CLANG_WARN_INT_CONVERSION = YES;
				CLANG_WARN_NON_LITERAL_NULL_CONVERSION = YES;
				CLANG_WARN_OBJC_IMPLICIT_RETAIN_SELF = YES;
				CLANG_WARN_OBJC_LITERAL_CONVERSION = YES;
				CLANG_WARN_OBJC_ROOT_CLASS = YES_ERROR;
				CLANG_WARN_QUOTED_INCLUDE_IN_FRAMEWORK_HEADER = YES;
				CLANG_WARN_RANGE_LOOP_ANALYSIS = YES;
				CLANG_WARN_STRICT_PROTOTYPES = YES;
				CLANG_WARN_SUSPICIOUS_MOVE = YES;
				CLANG_WARN_UNGUARDED_AVAILABILITY = YES_AGGRESSIVE;
				CLANG_WARN_UNREACHABLE_CODE = YES;
				CLANG_WARN__DUPLICATE_METHOD_MATCH = YES;
				COPY_PHASE_STRIP = NO;
				DEBUG_INFORMATION_FORMAT = dwarf;
				ENABLE_STRICT_OBJC_MSGSEND = YES;
				ENABLE_TESTABILITY = YES;
				ENABLE_USER_SCRIPT_SANDBOXING = YES;
				GCC_C_LANGUAGE_STANDARD = gnu17;
				GCC_DYNAMIC_NO_PIC = NO;
				GCC_NO_COMMON_BLOCKS = YES;
				GCC_OPTIMIZATION_LEVEL = 0;
				GCC_PREPROCESSOR_DEFINITIONS = (
					"DEBUG=1",
					"$(inherited)",
				);
				GCC_WARN_64_TO_32_BIT_CONVERSION = YES;
				GCC_WARN_ABOUT_RETURN_TYPE = YES_ERROR;
				GCC_WARN_UNDECLARED_SELECTOR = YES;
				GCC_WARN_UNINITIALIZED_AUTOS = YES_AGGRESSIVE;
				GCC_WARN_UNUSED_FUNCTION = YES;
				GCC_WARN_UNUSED_VARIABLE = YES;
				LOCALIZATION_PREFERS_STRING_CATALOGS = YES;
				MACOSX_DEPLOYMENT_TARGET = 15.0;
				MTL_ENABLE_DEBUG_INFO = INCLUDE_SOURCE;
				MTL_FAST_MATH = YES;
				ONLY_ACTIVE_ARCH = YES;
				SDKROOT = macosx;
				SWIFT_ACTIVE_COMPILATION_CONDITIONS = "DEBUG $(inherited)";
				SWIFT_OPTIMIZATION_LEVEL = "-Onone";
			};
			name = Debug;
		};
		B21C09202DEC7D3700320C25 /* Release */ = {
			isa = XCBuildConfiguration;
			buildSettings = {
				ALWAYS_SEARCH_USER_PATHS = NO;
				ASSETCATALOG_COMPILER_GENERATE_SWIFT_ASSET_SYMBOL_EXTENSIONS = YES;
				CLANG_ANALYZER_NONNULL = YES;
				CLANG_ANALYZER_NUMBER_OBJECT_CONVERSION = YES_AGGRESSIVE;
				CLANG_CXX_LANGUAGE_STANDARD = "gnu++20";
				CLANG_ENABLE_MODULES = YES;
				CLANG_ENABLE_OBJC_ARC = YES;
				CLANG_ENABLE_OBJC_WEAK = YES;
				CLANG_WARN_BLOCK_CAPTURE_AUTORELEASING = YES;
				CLANG_WARN_BOOL_CONVERSION = YES;
				CLANG_WARN_COMMA = YES;
				CLANG_WARN_CONSTANT_CONVERSION = YES;
				CLANG_WARN_DEPRECATED_OBJC_IMPLEMENTATIONS = YES;
				CLANG_WARN_DIRECT_OBJC_ISA_USAGE = YES_ERROR;
				CLANG_WARN_DOCUMENTATION_COMMENTS = YES;
				CLANG_WARN_EMPTY_BODY = YES;
				CLANG_WARN_ENUM_CONVERSION = YES;
				CLANG_WARN_INFINITE_RECURSION = YES;
				CLANG_WARN_INT_CONVERSION = YES;
				CLANG_WARN_NON_LITERAL_NULL_CONVERSION = YES;
				CLANG_WARN_OBJC_IMPLICIT_RETAIN_SELF = YES;
				CLANG_WARN_OBJC_LITERAL_CONVERSION = YES;
				CLANG_WARN_OBJC_ROOT_CLASS = YES_ERROR;
				CLANG_WARN_QUOTED_INCLUDE_IN_FRAMEWORK_HEADER = YES;
				CLANG_WARN_RANGE_LOOP_ANALYSIS = YES;
				CLANG_WARN_STRICT_PROTOTYPES = YES;
				CLANG_WARN_SUSPICIOUS_MOVE = YES;
				CLANG_WARN_UNGUARDED_AVAILABILITY = YES_AGGRESSIVE;
				CLANG_WARN_UNREACHABLE_CODE = YES;
				CLANG_WARN__DUPLICATE_METHOD_MATCH = YES;
				COPY_PHASE_STRIP = NO;
				DEBUG_INFORMATION_FORMAT = "dwarf-with-dsym";
				ENABLE_NS_ASSERTIONS = NO;
				ENABLE_STRICT_OBJC_MSGSEND = YES;
				ENABLE_USER_SCRIPT_SANDBOXING = YES;
				GCC_C_LANGUAGE_STANDARD = gnu17;
				GCC_NO_COMMON_BLOCKS = YES;
				GCC_WARN_64_TO_32_BIT_CONVERSION = YES;
				GCC_WARN_ABOUT_RETURN_TYPE = YES_ERROR;
				GCC_WARN_UNDECLARED_SELECTOR = YES;
				GCC_WARN_UNINITIALIZED_AUTOS = YES_AGGRESSIVE;
				GCC_WARN_UNUSED_FUNCTION = YES;
				GCC_WARN_UNUSED_VARIABLE = YES;
				LOCALIZATION_PREFERS_STRING_CATALOGS = YES;
				MACOSX_DEPLOYMENT_TARGET = 15.0;
				MTL_ENABLE_DEBUG_INFO = NO;
				MTL_FAST_MATH = YES;
				SDKROOT = macosx;
				SWIFT_COMPILATION_MODE = wholemodule;
			};
			name = Release;
		};
		B21C09222DEC7D3700320C25 /* Debug */ = {
			isa = XCBuildConfiguration;
			buildSettings = {
				ASSETCATALOG_COMPILER_APPICON_NAME = AppIcon;
				ASSETCATALOG_COMPILER_GLOBAL_ACCENT_COLOR_NAME = AccentColor;
				CODE_SIGN_ENTITLEMENTS = "hiyo-notes/hiyo_notes.entitlements";
				CODE_SIGN_STYLE = Automatic;
				COMBINE_HIDPI_IMAGES = YES;
				CURRENT_PROJECT_VERSION = 1;
				DEVELOPMENT_ASSET_PATHS = "\"hiyo-notes/Preview Content\"";
				DEVELOPMENT_TEAM = HQ2AUFJXP5;
				ENABLE_HARDENED_RUNTIME = YES;
				ENABLE_PREVIEWS = YES;
				GENERATE_INFOPLIST_FILE = YES;
				INFOPLIST_KEY_NSHumanReadableCopyright = "";
				LD_RUNPATH_SEARCH_PATHS = (
					"$(inherited)",
					"@executable_path/../Frameworks",
				);
				MARKETING_VERSION = 1.0;
				PRODUCT_BUNDLE_IDENTIFIER = "kk-shinoda.hiyo-notes";
				PRODUCT_NAME = "$(TARGET_NAME)";
				SWIFT_EMIT_LOC_STRINGS = YES;
				SWIFT_VERSION = 5.0;
			};
			name = Debug;
		};
		B21C09232DEC7D3700320C25 /* Release */ = {
			isa = XCBuildConfiguration;
			buildSettings = {
				ASSETCATALOG_COMPILER_APPICON_NAME = AppIcon;
				ASSETCATALOG_COMPILER_GLOBAL_ACCENT_COLOR_NAME = AccentColor;
				CODE_SIGN_ENTITLEMENTS = "hiyo-notes/hiyo_notes.entitlements";
				CODE_SIGN_STYLE = Automatic;
				COMBINE_HIDPI_IMAGES = YES;
				CURRENT_PROJECT_VERSION = 1;
				DEVELOPMENT_ASSET_PATHS = "\"hiyo-notes/Preview Content\"";
				DEVELOPMENT_TEAM = HQ2AUFJXP5;
				ENABLE_HARDENED_RUNTIME = YES;
				ENABLE_PREVIEWS = YES;
				GENERATE_INFOPLIST_FILE = YES;
				INFOPLIST_KEY_NSHumanReadableCopyright = "";
				LD_RUNPATH_SEARCH_PATHS = (
					"$(inherited)",
					"@executable_path/../Frameworks",
				);
				MARKETING_VERSION = 1.0;
				PRODUCT_BUNDLE_IDENTIFIER = "kk-shinoda.hiyo-notes";
				PRODUCT_NAME = "$(TARGET_NAME)";
				SWIFT_EMIT_LOC_STRINGS = YES;
				SWIFT_VERSION = 5.0;
			};
			name = Release;
		};
		B21C09252DEC7D3700320C25 /* Debug */ = {
			isa = XCBuildConfiguration;
			buildSettings = {
				BUNDLE_LOADER = "$(TEST_HOST)";
				CODE_SIGN_STYLE = Automatic;
				CURRENT_PROJECT_VERSION = 1;
				DEVELOPMENT_TEAM = HQ2AUFJXP5;
				GENERATE_INFOPLIST_FILE = YES;
				MACOSX_DEPLOYMENT_TARGET = 15.0;
				MARKETING_VERSION = 1.0;
				PRODUCT_BUNDLE_IDENTIFIER = "kk-shinoda.hiyo-notesTests";
				PRODUCT_NAME = "$(TARGET_NAME)";
				SWIFT_EMIT_LOC_STRINGS = NO;
				SWIFT_VERSION = 5.0;
				TEST_HOST = "$(BUILT_PRODUCTS_DIR)/hiyo-notes.app/$(BUNDLE_EXECUTABLE_FOLDER_PATH)/hiyo-notes";
			};
			name = Debug;
		};
		B21C09262DEC7D3700320C25 /* Release */ = {
			isa = XCBuildConfiguration;
			buildSettings = {
				BUNDLE_LOADER = "$(TEST_HOST)";
				CODE_SIGN_STYLE = Automatic;
				CURRENT_PROJECT_VERSION = 1;
				DEVELOPMENT_TEAM = HQ2AUFJXP5;
				GENERATE_INFOPLIST_FILE = YES;
				MACOSX_DEPLOYMENT_TARGET = 15.0;
				MARKETING_VERSION = 1.0;
				PRODUCT_BUNDLE_IDENTIFIER = "kk-shinoda.hiyo-notesTests";
				PRODUCT_NAME = "$(TARGET_NAME)";
				SWIFT_EMIT_LOC_STRINGS = NO;
				SWIFT_VERSION = 5.0;
				TEST_HOST = "$(BUILT_PRODUCTS_DIR)/hiyo-notes.app/$(BUNDLE_EXECUTABLE_FOLDER_PATH)/hiyo-notes";
			};
			name = Release;
		};
		B21C09282DEC7D3700320C25 /* Debug */ = {
			isa = XCBuildConfiguration;
			buildSettings = {
				CODE_SIGN_STYLE = Automatic;
				CURRENT_PROJECT_VERSION = 1;
				DEVELOPMENT_TEAM = HQ2AUFJXP5;
				GENERATE_INFOPLIST_FILE = YES;
				MARKETING_VERSION = 1.0;
				PRODUCT_BUNDLE_IDENTIFIER = "kk-shinoda.hiyo-notesUITests";
				PRODUCT_NAME = "$(TARGET_NAME)";
				SWIFT_EMIT_LOC_STRINGS = NO;
				SWIFT_VERSION = 5.0;
				TEST_TARGET_NAME = "hiyo-notes";
			};
			name = Debug;
		};
		B21C09292DEC7D3700320C25 /* Release */ = {
			isa = XCBuildConfiguration;
			buildSettings = {
				CODE_SIGN_STYLE = Automatic;
				CURRENT_PROJECT_VERSION = 1;
				DEVELOPMENT_TEAM = HQ2AUFJXP5;
				GENERATE_INFOPLIST_FILE = YES;
				MARKETING_VERSION = 1.0;
				PRODUCT_BUNDLE_IDENTIFIER = "kk-shinoda.hiyo-notesUITests";
				PRODUCT_NAME = "$(TARGET_NAME)";
				SWIFT_EMIT_LOC_STRINGS = NO;
				SWIFT_VERSION = 5.0;
				TEST_TARGET_NAME = "hiyo-notes";
			};
			name = Release;
		};
/* End XCBuildConfiguration section */

/* Begin XCConfigurationList section */
		B21C08F72DEC7D3600320C25 /* Build configuration list for PBXProject "hiyo-notes" */ = {
			isa = XCConfigurationList;
			buildConfigurations = (
				B21C091F2DEC7D3700320C25 /* Debug */,
				B21C09202DEC7D3700320C25 /* Release */,
			);
			defaultConfigurationIsVisible = 0;
			defaultConfigurationName = Release;
		};
		B21C09212DEC7D3700320C25 /* Build configuration list for PBXNativeTarget "hiyo-notes" */ = {
			isa = XCConfigurationList;
			buildConfigurations = (
				B21C09222DEC7D3700320C25 /* Debug */,
				B21C09232DEC7D3700320C25 /* Release */,
			);
			defaultConfigurationIsVisible = 0;
			defaultConfigurationName = Release;
		};
		B21C09242DEC7D3700320C25 /* Build configuration list for PBXNativeTarget "hiyo-notesTests" */ = {
			isa = XCConfigurationList;
			buildConfigurations = (
				B21C09252DEC7D3700320C25 /* Debug */,
				B21C09262DEC7D3700320C25 /* Release */,
			);
			defaultConfigurationIsVisible = 0;
			defaultConfigurationName = Release;
		};
		B21C09272DEC7D3700320C25 /* Build configuration list for PBXNativeTarget "hiyo-notesUITests" */ = {
			isa = XCConfigurationList;
			buildConfigurations = (
				B21C09282DEC7D3700320C25 /* Debug */,
				B21C09292DEC7D3700320C25 /* Release */,
			);
			defaultConfigurationIsVisible = 0;
			defaultConfigurationName = Release;
		};
/* End XCConfigurationList section */
	};
	rootObject = B21C08F42DEC7D3600320C25 /* Project object */;
}
